{
    "_global_": {
        "com.google.guava:guava": {
            "firstLevelTransitive": [
                "r1-main.Libs:InputHandler",
                "r1-main.Libs:LocationActionHandler",
                "r1-main.Ports:R1SystemPort"
            ],
            "locked": "23.4-android"
        },
        "com.tomtom.navui:Kits_MapCoreKit": {
            "firstLevelTransitive": [
                "r1-main:app",
                "r1-main:app",
                "r1-main:app"
            ],
            "locked": "18.2.111"
        },
        "com.tomtom.navui:Kits_SignatureApiKit": {
            "firstLevelTransitive": [
                "r1-main:app",
                "r1-main:app",
                "r1-main:app"
            ],
            "locked": "18.2.111"
        },
        "com.tomtom.navui:Kits_UtilKit": {
            "firstLevelTransitive": [
                "r1-main:app",
                "r1-main:app",
                "r1-main:app"
            ],
            "locked": "18.2.111"
        },
        "com.tomtom.navui:Modules_FocusUiModule": {
            "firstLevelTransitive": [
                "r1-main:app",
                "r1-main:app",
                "r1-main:app"
            ],
            "locked": "18.2.111"
        },
        "com.tomtom.navui:Modules_MapManagementModule": {
            "firstLevelTransitive": [
                "r1-main:app",
                "r1-main:app",
                "r1-main:app"
            ],
            "locked": "18.2.111"
        },
        "com.tomtom.navui:Modules_NavAppBaseModule": {
            "firstLevelTransitive": [
                "r1-main.Kits:R1AppKit",
                "r1-main.Kits:R1CoreKit",
                "r1-main.Libs:InputHandler",
                "r1-main.Libs:LocationActionHandler",
                "r1-main.Ports:R1SystemPort",
                "r1-main:app",
                "r1-main:app",
                "r1-main:app"
            ],
            "locked": "18.2.111"
        },
        "com.tomtom.navui:Modules_PromptModule": {
            "firstLevelTransitive": [
                "r1-main:app",
                "r1-main:app",
                "r1-main:app"
            ],
            "locked": "18.2.111"
        },
        "com.tomtom.navui:NavAppSDK": {
            "firstLevelTransitive": [
                "r1-main:sdk"
            ],
            "locked": "18.2.111"
        },
        "com.tomtom.navui:Ports_StockSystemPort": {
            "firstLevelTransitive": [
                "r1-main.Ports:R1SystemPort",
                "r1-main:app",
                "r1-main:app",
                "r1-main:app"
            ],
            "locked": "18.2.111"
        },
        "com.tomtom.r1.navkit:NavKitService": {
            "firstLevelTransitive": [
                "r1-main:app",
                "r1-main:app",
                "r1-main:app"
            ],
            "locked": "9.11.0-18.2-0.0.23"
        },
        "org.jacoco:org.jacoco.agent": {
            "firstLevelTransitive": [
                "r1-main:app"
            ],
            "locked": "0.7.4.201502262128"
        },
        "org.jacoco:org.jacoco.ant": {
            "firstLevelTransitive": [
                "r1-main:app"
            ],
            "locked": "0.7.4.201502262128"
        },
        "r1-main.Kits:R1AppKit": {
            "firstLevelTransitive": [
                "r1-main.Libs:LocationActionHandler",
                "r1-main:app",
                "r1-main:app",
                "r1-main:app"
            ],
            "project": true
        },
        "r1-main.Kits:R1CoreKit": {
            "firstLevelTransitive": [
                "r1-main.Kits:R1AppKit",
                "r1-main.Libs:InputHandler",
                "r1-main.Libs:LocationActionHandler",
                "r1-main.Ports:R1SystemPort",
                "r1-main:app",
                "r1-main:app",
                "r1-main:app"
            ],
            "project": true
        },
        "r1-main.Libs:InputHandler": {
            "firstLevelTransitive": [
                "r1-main.Kits:R1AppKit",
                "r1-main.Libs:LocationActionHandler"
            ],
            "project": true
        },
        "r1-main.Libs:LocationActionHandler": {
            "firstLevelTransitive": [
                "r1-main:app",
                "r1-main:app",
                "r1-main:app"
            ],
            "project": true
        },
        "r1-main.Ports:R1SystemPort": {
            "firstLevelTransitive": [
                "r1-main:app",
                "r1-main:app",
                "r1-main:app"
            ],
            "project": true
        },
        "r1-main:app": {
            "project": true
        },
        "r1-main:sdk": {
            "project": true
        }
    }
}